
Microsoft Visual Studio Solution File, Format Version 12.00
# Visual Studio Version 17
VisualStudioVersion = 17.8.34511.84
MinimumVisualStudioVersion = 10.0.40219.1
Project("{9A19103F-16F7-4668-BE54-9A1E7A4F7556}") = "ExerciciosPOO", "ExerciciosPOO.csproj", "{955A892E-D435-4994-94CE-4AE726CFC97A}"
EndProject
Project("{9A19103F-16F7-4668-BE54-9A1E7A4F7556}") = "ExerciciosPOO-Part2", "..\ExerciciosPOO-Part2\ExerciciosPOO-Part2.csproj", "{3414C83B-97C9-4A25-A9F9-E5BD2D3002F6}"
EndProject
Global
	GlobalSection(SolutionConfigurationPlatforms) = preSolution
		Debug|Any CPU = Debug|Any CPU
		Release|Any CPU = Release|Any CPU
	EndGlobalSection
	GlobalSection(ProjectConfigurationPlatforms) = postSolution
		{955A892E-D435-4994-94CE-4AE726CFC97A}.Debug|Any CPU.ActiveCfg = Debug|Any CPU
		{955A892E-D435-4994-94CE-4AE726CFC97A}.Debug|Any CPU.Build.0 = Debug|Any CPU
		{955A892E-D435-4994-94CE-4AE726CFC97A}.Release|Any CPU.ActiveCfg = Release|Any CPU
		{955A892E-D435-4994-94CE-4AE726CFC97A}.Release|Any CPU.Build.0 = Release|Any CPU
		{3414C83B-97C9-4A25-A9F9-E5BD2D3002F6}.Debug|Any CPU.ActiveCfg = Debug|Any CPU
		{3414C83B-97C9-4A25-A9F9-E5BD2D3002F6}.Debug|Any CPU.Build.0 = Debug|Any CPU
		{3414C83B-97C9-4A25-A9F9-E5BD2D3002F6}.Release|Any CPU.ActiveCfg = Release|Any CPU
		{3414C83B-97C9-4A25-A9F9-E5BD2D3002F6}.Release|Any CPU.Build.0 = Release|Any CPU
	EndGlobalSection
	GlobalSection(SolutionProperties) = preSolution
		HideSolutionNode = FALSE
	EndGlobalSection
	GlobalSection(ExtensibilityGlobals) = postSolution
		SolutionGuid = {CD80A2F0-CA80-4061-84DC-DA00B5555A63}
	EndGlobalSection
EndGlobal
